# THIS IS AN AUTOGENERATED FILE. DO NOT EDIT THIS FILE DIRECTLY.
# yarn lockfile v1


scrollparent@^2.0.1:
  version "2.1.0"
  resolved "https://registry.yarnpkg.com/scrollparent/-/scrollparent-2.1.0.tgz#6cae915c953835886a6ba0d77fdc2bb1ed09076d"
  integrity sha512-bnnvJL28/Rtz/kz2+4wpBjHzWoEzXhVg/TE8BeVGJHUqE8THNIRnDxDWMktwM+qahvlRdvlLdsQfYe+cuqfZeA==

vue-multiselect@^2.1.6:
  version "2.1.8"
  resolved "https://registry.yarnpkg.com/vue-multiselect/-/vue-multiselect-2.1.8.tgz#73839f8fde7f9d01a5771129f940353cd6d74cd8"
  integrity sha512-bgpvWZlT4EiUUCcwLAR655LdiifeqF62BDL2TLVddKfS/NcdIYVlvOr456N7GQIlBFNbb7vHfq+qOl8mpGAOJw==

vue-observe-visibility@^0.4.4:
  version "0.4.6"
  resolved "https://registry.yarnpkg.com/vue-observe-visibility/-/vue-observe-visibility-0.4.6.tgz#878cb8ebcf3078e40807af29774e97105ebd519e"
  integrity sha512-xo0CEVdkjSjhJoDdLSvoZoQrw/H2BlzB5jrCBKGZNXN2zdZgMuZ9BKrxXDjNP2AxlcCoKc8OahI3F3r3JGLv2Q==

vue-resize@^0.4.5:
  version "0.4.5"
  resolved "https://registry.yarnpkg.com/vue-resize/-/vue-resize-0.4.5.tgz#4777a23042e3c05620d9cbda01c0b3cc5e32dcea"
  integrity sha512-bhP7MlgJQ8TIkZJXAfDf78uJO+mEI3CaLABLjv0WNzr4CcGRGPIAItyWYnP6LsPA4Oq0WE+suidNs6dgpO4RHg==

vue-select@^3.20.2:
  version "3.20.2"
  resolved "https://registry.yarnpkg.com/vue-select/-/vue-select-3.20.2.tgz#eaa15012b032c154d4fb51ac82ebeda2beeae54b"
  integrity sha512-ZSzIDzyYsWZULGUxVp1h6u3yi9IZQBWX8r6kSudUI/I5J1HQKpBjRntvkrg6pr87xmm16kdChvHCDN+W84vTKw==

vue-virtual-scroller@^1.1.2:
  version "1.1.2"
  resolved "https://registry.yarnpkg.com/vue-virtual-scroller/-/vue-virtual-scroller-1.1.2.tgz#b8a6362f177abf3f2149ce1eac18013c71fe353b"
  integrity sha512-SkUyc7QHCJFB5h1Fya7LxVizlVzOZZuFVipBGHYoTK8dwLs08bIz/tclvRApYhksaJIm/nn51inzO2UjpGJPMQ==
  dependencies:
    scrollparent "^2.0.1"
    vue-observe-visibility "^0.4.4"
    vue-resize "^0.4.5"
